{
  "name": "printer",
  "lockfileVersion": 2,
  "requires": true,
  "packages": {
    "": {
      "dependencies": {
        "exec": "^0.2.1"
      }
    },
    "node_modules/exec": {
      "version": "0.2.1",
      "resolved": "https://registry.npmjs.org/exec/-/exec-0.2.1.tgz",
      "integrity": "sha1-JmHwv8VTKRhikRfLn4DHVkryxR8=",
      "deprecated": "deprecated in favor of builtin child_process.execFile",
      "engines": {
        "node": ">= v0.9.1"
      }
    }
  },
  "dependencies": {
    "exec": {
      "version": "0.2.1",
      "resolved": "https://registry.npmjs.org/exec/-/exec-0.2.1.tgz",
      "integrity": "sha1-JmHwv8VTKRhikRfLn4DHVkryxR8="
    }
  }
}
